
Microsoft Visual Studio Solution File, Format Version 12.00
# Visual Studio Version 16
VisualStudioVersion = 16.0.31624.102
MinimumVisualStudioVersion = 10.0.40219.1
Project("{FAE04EC0-301F-11D3-BF4B-00C04F79EFBC}") = "yazicideneme2", "yazicideneme2\yazicideneme2.csproj", "{B050B0CD-0826-484E-9F1A-2D762855004B}"
EndProject
Global
	GlobalSection(SolutionConfigurationPlatforms) = preSolution
		Debug|Any CPU = Debug|Any CPU
		Release|Any CPU = Release|Any CPU
	EndGlobalSection
	GlobalSection(ProjectConfigurationPlatforms) = postSolution
		{B050B0CD-0826-484E-9F1A-2D762855004B}.Debug|Any CPU.ActiveCfg = Debug|Any CPU
		{B050B0CD-0826-484E-9F1A-2D762855004B}.Debug|Any CPU.Build.0 = Debug|Any CPU
		{B050B0CD-0826-484E-9F1A-2D762855004B}.Release|Any CPU.ActiveCfg = Release|Any CPU
		{B050B0CD-0826-484E-9F1A-2D762855004B}.Release|Any CPU.Build.0 = Release|Any CPU
	EndGlobalSection
	GlobalSection(SolutionProperties) = preSolution
		HideSolutionNode = FALSE
	EndGlobalSection
	GlobalSection(ExtensibilityGlobals) = postSolution
		SolutionGuid = {239E09F3-C40E-441D-8964-C2045AEF6435}
	EndGlobalSection
EndGlobal
